// !$*UTF8*$!
{
	archiveVersion = 1;
	classes = {
	};
	objectVersion = 46;
	objects = {

/* Begin PBXBuildFile section */
		C74E254C1E5AE989009DF7A6 /* AppDelegate.m in Sources */ = {isa = PBXBuildFile; fileRef = C74E253F1E5AE989009DF7A6 /* AppDelegate.m */; };
		C74E254D1E5AE989009DF7A6 /* Assets.xcassets in Resources */ = {isa = PBXBuildFile; fileRef = C74E25401E5AE989009DF7A6 /* Assets.xcassets */; };
		C74E254E1E5AE989009DF7A6 /* LaunchScreen.storyboard in Resources */ = {isa = PBXBuildFile; fileRef = C74E25411E5AE989009DF7A6 /* LaunchScreen.storyboard */; };
		C74E254F1E5AE989009DF7A6 /* Main.storyboard in Resources */ = {isa = PBXBuildFile; fileRef = C74E25431E5AE989009DF7A6 /* Main.storyboard */; };
		C74E25501E5AE989009DF7A6 /* Info.plist in Resources */ = {isa = PBXBuildFile; fileRef = C74E25451E5AE989009DF7A6 /* Info.plist */; };
		C74E25511E5AE989009DF7A6 /* main.m in Sources */ = {isa = PBXBuildFile; fileRef = C74E25461E5AE989009DF7A6 /* main.m */; };
		C74E25531E5AE989009DF7A6 /* ViewController.m in Sources */ = {isa = PBXBuildFile; fileRef = C74E254B1E5AE989009DF7A6 /* ViewController.m */; };
		C74E25571E5B027C009DF7A6 /* FileListTableViewController.m in Sources */ = {isa = PBXBuildFile; fileRef = C74E25561E5B027C009DF7A6 /* FileListTableViewController.m */; };
/* End PBXBuildFile section */

/* Begin PBXFileReference section */
		C719609D1E5880AE0063E594 /* SendSandBoxFileDemo.app */ = {isa = PBXFileReference; explicitFileType = wrapper.application; includeInIndex = 0; path = SendSandBoxFileDemo.app; sourceTree = BUILT_PRODUCTS_DIR; };
		C74E253E1E5AE989009DF7A6 /* AppDelegate.h */ = {isa = PBXFileReference; fileEncoding = 4; lastKnownFileType = sourcecode.c.h; path = AppDelegate.h; sourceTree = "<group>"; };
		C74E253F1E5AE989009DF7A6 /* AppDelegate.m */ = {isa = PBXFileReference; fileEncoding = 4; lastKnownFileType = sourcecode.c.objc; path = AppDelegate.m; sourceTree = "<group>"; };
		C74E25401E5AE989009DF7A6 /* Assets.xcassets */ = {isa = PBXFileReference; lastKnownFileType = folder.assetcatalog; path = Assets.xcassets; sourceTree = "<group>"; };
		C74E25421E5AE989009DF7A6 /* Base */ = {isa = PBXFileReference; lastKnownFileType = file.storyboard; name = Base; path = Base.lproj/LaunchScreen.storyboard; sourceTree = "<group>"; };
		C74E25441E5AE989009DF7A6 /* Base */ = {isa = PBXFileReference; lastKnownFileType = file.storyboard; name = Base; path = Base.lproj/Main.storyboard; sourceTree = "<group>"; };
		C74E25451E5AE989009DF7A6 /* Info.plist */ = {isa = PBXFileReference; fileEncoding = 4; lastKnownFileType = text.plist.xml; path = Info.plist; sourceTree = "<group>"; };
		C74E25461E5AE989009DF7A6 /* main.m */ = {isa = PBXFileReference; fileEncoding = 4; lastKnownFileType = sourcecode.c.objc; path = main.m; sourceTree = "<group>"; };
		C74E254A1E5AE989009DF7A6 /* ViewController.h */ = {isa = PBXFileReference; fileEncoding = 4; lastKnownFileType = sourcecode.c.h; path = ViewController.h; sourceTree = "<group>"; };
		C74E254B1E5AE989009DF7A6 /* ViewController.m */ = {isa = PBXFileReference; fileEncoding = 4; lastKnownFileType = sourcecode.c.objc; path = ViewController.m; sourceTree = "<group>"; };
		C74E25551E5B027C009DF7A6 /* FileListTableViewController.h */ = {isa = PBXFileReference; fileEncoding = 4; lastKnownFileType = sourcecode.c.h; path = FileListTableViewController.h; sourceTree = "<group>"; };
		C74E25561E5B027C009DF7A6 /* FileListTableViewController.m */ = {isa = PBXFileReference; fileEncoding = 4; lastKnownFileType = sourcecode.c.objc; path = FileListTableViewController.m; sourceTree = "<group>"; };
/* End PBXFileReference section */

/* Begin PBXFrameworksBuildPhase section */
		C719609A1E5880AE0063E594 /* Frameworks */ = {
			isa = PBXFrameworksBuildPhase;
			buildActionMask = 2147483647;
			files = (
			);
			runOnlyForDeploymentPostprocessing = 0;
		};
/* End PBXFrameworksBuildPhase section */

/* Begin PBXGroup section */
		C71960941E5880AE0063E594 = {
			isa = PBXGroup;
			children = (
				C74E253D1E5AE989009DF7A6 /* SendSandBoxFileDemo */,
				C719609E1E5880AE0063E594 /* Products */,
			);
			sourceTree = "<group>";
		};
		C719609E1E5880AE0063E594 /* Products */ = {
			isa = PBXGroup;
			children = (
				C719609D1E5880AE0063E594 /* SendSandBoxFileDemo.app */,
			);
			name = Products;
			sourceTree = "<group>";
		};
		C74E253D1E5AE989009DF7A6 /* SendSandBoxFileDemo */ = {
			isa = PBXGroup;
			children = (
				C74E253E1E5AE989009DF7A6 /* AppDelegate.h */,
				C74E253F1E5AE989009DF7A6 /* AppDelegate.m */,
				C74E25401E5AE989009DF7A6 /* Assets.xcassets */,
				C74E25411E5AE989009DF7A6 /* LaunchScreen.storyboard */,
				C74E25431E5AE989009DF7A6 /* Main.storyboard */,
				C74E25451E5AE989009DF7A6 /* Info.plist */,
				C74E25461E5AE989009DF7A6 /* main.m */,
				C74E254A1E5AE989009DF7A6 /* ViewController.h */,
				C74E254B1E5AE989009DF7A6 /* ViewController.m */,
				C74E25541E5B027C009DF7A6 /* SendSandBoxFile */,
			);
			path = SendSandBoxFileDemo;
			sourceTree = "<group>";
		};
		C74E25541E5B027C009DF7A6 /* SendSandBoxFile */ = {
			isa = PBXGroup;
			children = (
				C74E25551E5B027C009DF7A6 /* FileListTableViewController.h */,
				C74E25561E5B027C009DF7A6 /* FileListTableViewController.m */,
			);
			path = SendSandBoxFile;
			sourceTree = "<group>";
		};
/* End PBXGroup section */

/* Begin PBXNativeTarget section */
		C719609C1E5880AE0063E594 /* SendSandBoxFileDemo */ = {
			isa = PBXNativeTarget;
			buildConfigurationList = C71960B41E5880AE0063E594 /* Build configuration list for PBXNativeTarget "SendSandBoxFileDemo" */;
			buildPhases = (
				C71960991E5880AE0063E594 /* Sources */,
				C719609A1E5880AE0063E594 /* Frameworks */,
				C719609B1E5880AE0063E594 /* Resources */,
			);
			buildRules = (
			);
			dependencies = (
			);
			name = SendSandBoxFileDemo;
			productName = SendLogsDemo;
			productReference = C719609D1E5880AE0063E594 /* SendSandBoxFileDemo.app */;
			productType = "com.apple.product-type.application";
		};
/* End PBXNativeTarget section */

/* Begin PBXProject section */
		C71960951E5880AE0063E594 /* Project object */ = {
			isa = PBXProject;
			attributes = {
				LastUpgradeCheck = 0820;
				ORGANIZATIONNAME = lihongli;
				TargetAttributes = {
					C719609C1E5880AE0063E594 = {
						CreatedOnToolsVersion = 8.2.1;
						DevelopmentTeam = 4AW78593E8;
						ProvisioningStyle = Manual;
					};
				};
			};
			buildConfigurationList = C71960981E5880AE0063E594 /* Build configuration list for PBXProject "SendSandBoxFileDemo" */;
			compatibilityVersion = "Xcode 3.2";
			developmentRegion = English;
			hasScannedForEncodings = 0;
			knownRegions = (
				en,
				Base,
			);
			mainGroup = C71960941E5880AE0063E594;
			productRefGroup = C719609E1E5880AE0063E594 /* Products */;
			projectDirPath = "";
			projectRoot = "";
			targets = (
				C719609C1E5880AE0063E594 /* SendSandBoxFileDemo */,
			);
		};
/* End PBXProject section */

/* Begin PBXResourcesBuildPhase section */
		C719609B1E5880AE0063E594 /* Resources */ = {
			isa = PBXResourcesBuildPhase;
			buildActionMask = 2147483647;
			files = (
				C74E25501E5AE989009DF7A6 /* Info.plist in Resources */,
				C74E254F1E5AE989009DF7A6 /* Main.storyboard in Resources */,
				C74E254D1E5AE989009DF7A6 /* Assets.xcassets in Resources */,
				C74E254E1E5AE989009DF7A6 /* LaunchScreen.storyboard in Resources */,
			);
			runOnlyForDeploymentPostprocessing = 0;
		};
/* End PBXResourcesBuildPhase section */

/* Begin PBXSourcesBuildPhase section */
		C71960991E5880AE0063E594 /* Sources */ = {
			isa = PBXSourcesBuildPhase;
			buildActionMask = 2147483647;
			files = (
				C74E25511E5AE989009DF7A6 /* main.m in Sources */,
				C74E254C1E5AE989009DF7A6 /* AppDelegate.m in Sources */,
				C74E25531E5AE989009DF7A6 /* ViewController.m in Sources */,
				C74E25571E5B027C009DF7A6 /* FileListTableViewController.m in Sources */,
			);
			runOnlyForDeploymentPostprocessing = 0;
		};
/* End PBXSourcesBuildPhase section */

/* Begin PBXVariantGroup section */
		C74E25411E5AE989009DF7A6 /* LaunchScreen.storyboard */ = {
			isa = PBXVariantGroup;
			children = (
				C74E25421E5AE989009DF7A6 /* Base */,
			);
			name = LaunchScreen.storyboard;
			sourceTree = "<group>";
		};
		C74E25431E5AE989009DF7A6 /* Main.storyboard */ = {
			isa = PBXVariantGroup;
			children = (
				C74E25441E5AE989009DF7A6 /* Base */,
			);
			name = Main.storyboard;
			sourceTree = "<group>";
		};
/* End PBXVariantGroup section */

/* Begin XCBuildConfiguration section */
		C71960B21E5880AE0063E594 /* Debug */ = {
			isa = XCBuildConfiguration;
			buildSettings = {
				ALWAYS_SEARCH_USER_PATHS = NO;
				CLANG_ANALYZER_NONNULL = YES;
				CLANG_CXX_LANGUAGE_STANDARD = "gnu++0x";
				CLANG_CXX_LIBRARY = "libc++";
				CLANG_ENABLE_MODULES = YES;
				CLANG_ENABLE_OBJC_ARC = YES;
				CLANG_WARN_BOOL_CONVERSION = YES;
				CLANG_WARN_CONSTANT_CONVERSION = YES;
				CLANG_WARN_DIRECT_OBJC_ISA_USAGE = YES_ERROR;
				CLANG_WARN_DOCUMENTATION_COMMENTS = YES;
				CLANG_WARN_EMPTY_BODY = YES;
				CLANG_WARN_ENUM_CONVERSION = YES;
				CLANG_WARN_INFINITE_RECURSION = YES;
				CLANG_WARN_INT_CONVERSION = YES;
				CLANG_WARN_OBJC_ROOT_CLASS = YES_ERROR;
				CLANG_WARN_SUSPICIOUS_MOVE = YES;
				CLANG_WARN_UNREACHABLE_CODE = YES;
				CLANG_WARN__DUPLICATE_METHOD_MATCH = YES;
				"CODE_SIGN_IDENTITY[sdk=iphoneos*]" = "iPhone Developer";
				COPY_PHASE_STRIP = NO;
				DEBUG_INFORMATION_FORMAT = dwarf;
				ENABLE_STRICT_OBJC_MSGSEND = YES;
				ENABLE_TESTABILITY = YES;
				GCC_C_LANGUAGE_STANDARD = gnu99;
				GCC_DYNAMIC_NO_PIC = NO;
				GCC_NO_COMMON_BLOCKS = YES;
				GCC_OPTIMIZATION_LEVEL = 0;
				GCC_PREPROCESSOR_DEFINITIONS = (
					"DEBUG=1",
					"$(inherited)",
				);
				GCC_WARN_64_TO_32_BIT_CONVERSION = YES;
				GCC_WARN_ABOUT_RETURN_TYPE = YES_ERROR;
				GCC_WARN_UNDECLARED_SELECTOR = YES;
				GCC_WARN_UNINITIALIZED_AUTOS = YES_AGGRESSIVE;
				GCC_WARN_UNUSED_FUNCTION = YES;
				GCC_WARN_UNUSED_VARIABLE = YES;
				IPHONEOS_DEPLOYMENT_TARGET = 10.2;
				MTL_ENABLE_DEBUG_INFO = YES;
				ONLY_ACTIVE_ARCH = YES;
				SDKROOT = iphoneos;
			};
			name = Debug;
		};
		C71960B31E5880AE0063E594 /* Release */ = {
			isa = XCBuildConfiguration;
			buildSettings = {
				ALWAYS_SEARCH_USER_PATHS = NO;
				CLANG_ANALYZER_NONNULL = YES;
				CLANG_CXX_LANGUAGE_STANDARD = "gnu++0x";
				CLANG_CXX_LIBRARY = "libc++";
				CLANG_ENABLE_MODULES = YES;
				CLANG_ENABLE_OBJC_ARC = YES;
				CLANG_WARN_BOOL_CONVERSION = YES;
				CLANG_WARN_CONSTANT_CONVERSION = YES;
				CLANG_WARN_DIRECT_OBJC_ISA_USAGE = YES_ERROR;
				CLANG_WARN_DOCUMENTATION_COMMENTS = YES;
				CLANG_WARN_EMPTY_BODY = YES;
				CLANG_WARN_ENUM_CONVERSION = YES;
				CLANG_WARN_INFINITE_RECURSION = YES;
				CLANG_WARN_INT_CONVERSION = YES;
				CLANG_WARN_OBJC_ROOT_CLASS = YES_ERROR;
				CLANG_WARN_SUSPICIOUS_MOVE = YES;
				CLANG_WARN_UNREACHABLE_CODE = YES;
				CLANG_WARN__DUPLICATE_METHOD_MATCH = YES;
				"CODE_SIGN_IDENTITY[sdk=iphoneos*]" = "iPhone Developer";
				COPY_PHASE_STRIP = NO;
				DEBUG_INFORMATION_FORMAT = "dwarf-with-dsym";
				ENABLE_NS_ASSERTIONS = NO;
				ENABLE_STRICT_OBJC_MSGSEND = YES;
				GCC_C_LANGUAGE_STANDARD = gnu99;
				GCC_NO_COMMON_BLOCKS = YES;
				GCC_WARN_64_TO_32_BIT_CONVERSION = YES;
				GCC_WARN_ABOUT_RETURN_TYPE = YES_ERROR;
				GCC_WARN_UNDECLARED_SELECTOR = YES;
				GCC_WARN_UNINITIALIZED_AUTOS = YES_AGGRESSIVE;
				GCC_WARN_UNUSED_FUNCTION = YES;
				GCC_WARN_UNUSED_VARIABLE = YES;
				IPHONEOS_DEPLOYMENT_TARGET = 10.2;
				MTL_ENABLE_DEBUG_INFO = NO;
				SDKROOT = iphoneos;
				VALIDATE_PRODUCT = YES;
			};
			name = Release;
		};
		C71960B51E5880AE0063E594 /* Debug */ = {
			isa = XCBuildConfiguration;
			buildSettings = {
				ASSETCATALOG_COMPILER_APPICON_NAME = AppIcon;
				DEVELOPMENT_TEAM = 4AW78593E8;
				INFOPLIST_FILE = SendSandBoxFileDemo/Info.plist;
				IPHONEOS_DEPLOYMENT_TARGET = 8.0;
				LD_RUNPATH_SEARCH_PATHS = "$(inherited) @executable_path/Frameworks";
				PRODUCT_BUNDLE_IDENTIFIER = com.sohu.SendLogsDemo;
				PRODUCT_NAME = "$(TARGET_NAME)";
				PROVISIONING_PROFILE = "48a5436e-cfb6-41c8-9aad-31d0c2f08be7";
				PROVISIONING_PROFILE_SPECIFIER = WeiChaoSOHUDevelopStarProfile;
			};
			name = Debug;
		};
		C71960B61E5880AE0063E594 /* Release */ = {
			isa = XCBuildConfiguration;
			buildSettings = {
				ASSETCATALOG_COMPILER_APPICON_NAME = AppIcon;
				DEVELOPMENT_TEAM = 4AW78593E8;
				INFOPLIST_FILE = SendSandBoxFileDemo/Info.plist;
				IPHONEOS_DEPLOYMENT_TARGET = 8.0;
				LD_RUNPATH_SEARCH_PATHS = "$(inherited) @executable_path/Frameworks";
				PRODUCT_BUNDLE_IDENTIFIER = com.sohu.SendLogsDemo;
				PRODUCT_NAME = "$(TARGET_NAME)";
				PROVISIONING_PROFILE = "48a5436e-cfb6-41c8-9aad-31d0c2f08be7";
				PROVISIONING_PROFILE_SPECIFIER = WeiChaoSOHUDevelopStarProfile;
			};
			name = Release;
		};
/* End XCBuildConfiguration section */

/* Begin XCConfigurationList section */
		C71960981E5880AE0063E594 /* Build configuration list for PBXProject "SendSandBoxFileDemo" */ = {
			isa = XCConfigurationList;
			buildConfigurations = (
				C71960B21E5880AE0063E594 /* Debug */,
				C71960B31E5880AE0063E594 /* Release */,
			);
			defaultConfigurationIsVisible = 0;
			defaultConfigurationName = Release;
		};
		C71960B41E5880AE0063E594 /* Build configuration list for PBXNativeTarget "SendSandBoxFileDemo" */ = {
			isa = XCConfigurationList;
			buildConfigurations = (
				C71960B51E5880AE0063E594 /* Debug */,
				C71960B61E5880AE0063E594 /* Release */,
			);
			defaultConfigurationIsVisible = 0;
			defaultConfigurationName = Release;
		};
/* End XCConfigurationList section */
	};
	rootObject = C71960951E5880AE0063E594 /* Project object */;
}
